
Microsoft Visual Studio Solution File, Format Version 12.00
# Visual Studio Version 16
VisualStudioVersion = 16.0.32228.343
MinimumVisualStudioVersion = 10.0.40219.1
Project("{FAE04EC0-301F-11D3-BF4B-00C04F79EFBC}") = "WindowsFormsApp2", "WindowsFormsApp2\WindowsFormsApp2.csproj", "{196F502A-E4A2-472E-A959-05A2D6CA29E4}"
EndProject
Global
	GlobalSection(SolutionConfigurationPlatforms) = preSolution
		Debug|Any CPU = Debug|Any CPU
		Release|Any CPU = Release|Any CPU
	EndGlobalSection
	GlobalSection(ProjectConfigurationPlatforms) = postSolution
		{196F502A-E4A2-472E-A959-05A2D6CA29E4}.Debug|Any CPU.ActiveCfg = Debug|Any CPU
		{196F502A-E4A2-472E-A959-05A2D6CA29E4}.Debug|Any CPU.Build.0 = Debug|Any CPU
		{196F502A-E4A2-472E-A959-05A2D6CA29E4}.Release|Any CPU.ActiveCfg = Release|Any CPU
		{196F502A-E4A2-472E-A959-05A2D6CA29E4}.Release|Any CPU.Build.0 = Release|Any CPU
	EndGlobalSection
	GlobalSection(SolutionProperties) = preSolution
		HideSolutionNode = FALSE
	EndGlobalSection
	GlobalSection(ExtensibilityGlobals) = postSolution
		SolutionGuid = {8FE706EA-E078-4678-B6D6-5E80C7546FB0}
	EndGlobalSection
EndGlobal
